// !$*UTF8*$!
{
	archiveVersion = 1;
	classes = {
	};
	objectVersion = 56;
	objects = {

/* Begin PBXBuildFile section */
		4630FDB32B70E2140015CF43 /* RegionWeatherViewController.swift in Sources */ = {isa = PBXBuildFile; fileRef = 4630FDB22B70E2140015CF43 /* RegionWeatherViewController.swift */; };
		463B7CA32B76180A0087283D /* ViewController+Extension.swift in Sources */ = {isa = PBXBuildFile; fileRef = 463B7CA22B76180A0087283D /* ViewController+Extension.swift */; };
		46B172B32B74772E00C9DB0D /* WeatherCell.swift in Sources */ = {isa = PBXBuildFile; fileRef = 46B172B22B74772E00C9DB0D /* WeatherCell.swift */; };
		46C4FABD2B7CA84F009C5F63 /* Seracts.swift in Sources */ = {isa = PBXBuildFile; fileRef = 46C4FABC2B7CA84F009C5F63 /* Seracts.swift */; };
		91994F847D33D045E16F8C9F /* Pods_weather_ios.framework in Frameworks */ = {isa = PBXBuildFile; fileRef = F064FAF57BA02D69168CD1B7 /* Pods_weather_ios.framework */; };
		C411AD912B71108A00E88089 /* MapViewController.swift in Sources */ = {isa = PBXBuildFile; fileRef = C411AD902B71108A00E88089 /* MapViewController.swift */; };
		C418E9BB2B70BFFA00A0C2B3 /* example.swift in Sources */ = {isa = PBXBuildFile; fileRef = C418E9BA2B70BFFA00A0C2B3 /* example.swift */; };
		E00063F02B7D4202007C5FCA /* UserSettings.swift in Sources */ = {isa = PBXBuildFile; fileRef = E00063EF2B7D4202007C5FCA /* UserSettings.swift */; };
		E00FCB892B7BFF7B00E93F7E /* Secrets.swift in Sources */ = {isa = PBXBuildFile; fileRef = E00FCB882B7BFF7B00E93F7E /* Secrets.swift */; };
		E02BB7872B72D1D10094069E /* Coordinate.swift in Sources */ = {isa = PBXBuildFile; fileRef = E02BB7862B72D1D10094069E /* Coordinate.swift */; };
		E0360CB22B70BB0E004C40F4 /* AppDelegate.swift in Sources */ = {isa = PBXBuildFile; fileRef = E0360CB12B70BB0E004C40F4 /* AppDelegate.swift */; };
		E0360CB42B70BB0E004C40F4 /* SceneDelegate.swift in Sources */ = {isa = PBXBuildFile; fileRef = E0360CB32B70BB0E004C40F4 /* SceneDelegate.swift */; };
		E0360CB62B70BB0E004C40F4 /* MainViewController.swift in Sources */ = {isa = PBXBuildFile; fileRef = E0360CB52B70BB0E004C40F4 /* MainViewController.swift */; };
		E0360CBB2B70BB0F004C40F4 /* Assets.xcassets in Resources */ = {isa = PBXBuildFile; fileRef = E0360CBA2B70BB0F004C40F4 /* Assets.xcassets */; };
		E0360CBE2B70BB0F004C40F4 /* LaunchScreen.storyboard in Resources */ = {isa = PBXBuildFile; fileRef = E0360CBC2B70BB0F004C40F4 /* LaunchScreen.storyboard */; };
		E0360CC82B70BB5E004C40F4 /* CrntWeatherData.swift in Sources */ = {isa = PBXBuildFile; fileRef = E0360CC72B70BB5E004C40F4 /* CrntWeatherData.swift */; };
		E0955E522B7AC145006EBD44 /* TopWeatherViewCell.swift in Sources */ = {isa = PBXBuildFile; fileRef = E0955E512B7AC145006EBD44 /* TopWeatherViewCell.swift */; };
		E0955E572B7AC54A006EBD44 /* HStackView.swift in Sources */ = {isa = PBXBuildFile; fileRef = E0955E542B7AC54A006EBD44 /* HStackView.swift */; };
		E0955E592B7AC54A006EBD44 /* VStackView.swift in Sources */ = {isa = PBXBuildFile; fileRef = E0955E562B7AC54A006EBD44 /* VStackView.swift */; };
		E0955E5C2B7ACC44006EBD44 /* LabelViewCell.swift in Sources */ = {isa = PBXBuildFile; fileRef = E0955E5B2B7ACC44006EBD44 /* LabelViewCell.swift */; };
		E0C6CC8A2B71717300E47259 /* WeatherService.swift in Sources */ = {isa = PBXBuildFile; fileRef = E0C6CC892B71717300E47259 /* WeatherService.swift */; };
/* End PBXBuildFile section */

/* Begin PBXFileReference section */
		408DA3AAD9260C3E4752A2C8 /* Pods-weather-ios.debug.xcconfig */ = {isa = PBXFileReference; includeInIndex = 1; lastKnownFileType = text.xcconfig; name = "Pods-weather-ios.debug.xcconfig"; path = "Target Support Files/Pods-weather-ios/Pods-weather-ios.debug.xcconfig"; sourceTree = "<group>"; };
		4630FDB22B70E2140015CF43 /* RegionWeatherViewController.swift */ = {isa = PBXFileReference; lastKnownFileType = sourcecode.swift; path = RegionWeatherViewController.swift; sourceTree = "<group>"; };
		463B7CA22B76180A0087283D /* ViewController+Extension.swift */ = {isa = PBXFileReference; lastKnownFileType = sourcecode.swift; path = "ViewController+Extension.swift"; sourceTree = "<group>"; };
		46B172B22B74772E00C9DB0D /* WeatherCell.swift */ = {isa = PBXFileReference; lastKnownFileType = sourcecode.swift; path = WeatherCell.swift; sourceTree = "<group>"; };
		46C4FABC2B7CA84F009C5F63 /* Seracts.swift */ = {isa = PBXFileReference; lastKnownFileType = sourcecode.swift; path = Seracts.swift; sourceTree = "<group>"; };
		C411AD902B71108A00E88089 /* MapViewController.swift */ = {isa = PBXFileReference; lastKnownFileType = sourcecode.swift; path = MapViewController.swift; sourceTree = "<group>"; };
		C418E9BA2B70BFFA00A0C2B3 /* example.swift */ = {isa = PBXFileReference; lastKnownFileType = sourcecode.swift; path = example.swift; sourceTree = "<group>"; };
		E00063EF2B7D4202007C5FCA /* UserSettings.swift */ = {isa = PBXFileReference; lastKnownFileType = sourcecode.swift; path = UserSettings.swift; sourceTree = "<group>"; };
		E00FCB882B7BFF7B00E93F7E /* Secrets.swift */ = {isa = PBXFileReference; lastKnownFileType = sourcecode.swift; path = Secrets.swift; sourceTree = "<group>"; };
		E02BB7862B72D1D10094069E /* Coordinate.swift */ = {isa = PBXFileReference; lastKnownFileType = sourcecode.swift; path = Coordinate.swift; sourceTree = "<group>"; };
		E0360CAE2B70BB0E004C40F4 /* weather-ios.app */ = {isa = PBXFileReference; explicitFileType = wrapper.application; includeInIndex = 0; path = "weather-ios.app"; sourceTree = BUILT_PRODUCTS_DIR; };
		E0360CB12B70BB0E004C40F4 /* AppDelegate.swift */ = {isa = PBXFileReference; lastKnownFileType = sourcecode.swift; path = AppDelegate.swift; sourceTree = "<group>"; };
		E0360CB32B70BB0E004C40F4 /* SceneDelegate.swift */ = {isa = PBXFileReference; lastKnownFileType = sourcecode.swift; path = SceneDelegate.swift; sourceTree = "<group>"; };
		E0360CB52B70BB0E004C40F4 /* MainViewController.swift */ = {isa = PBXFileReference; lastKnownFileType = sourcecode.swift; path = MainViewController.swift; sourceTree = "<group>"; };
		E0360CBA2B70BB0F004C40F4 /* Assets.xcassets */ = {isa = PBXFileReference; lastKnownFileType = folder.assetcatalog; path = Assets.xcassets; sourceTree = "<group>"; };
		E0360CBD2B70BB0F004C40F4 /* Base */ = {isa = PBXFileReference; lastKnownFileType = file.storyboard; name = Base; path = Base.lproj/LaunchScreen.storyboard; sourceTree = "<group>"; };
		E0360CBF2B70BB0F004C40F4 /* Info.plist */ = {isa = PBXFileReference; lastKnownFileType = text.plist.xml; path = Info.plist; sourceTree = "<group>"; };
		E0360CC72B70BB5E004C40F4 /* CrntWeatherData.swift */ = {isa = PBXFileReference; fileEncoding = 4; lastKnownFileType = sourcecode.swift; path = CrntWeatherData.swift; sourceTree = "<group>"; };
		E0955E512B7AC145006EBD44 /* TopWeatherViewCell.swift */ = {isa = PBXFileReference; lastKnownFileType = sourcecode.swift; path = TopWeatherViewCell.swift; sourceTree = "<group>"; };
		E0955E542B7AC54A006EBD44 /* HStackView.swift */ = {isa = PBXFileReference; fileEncoding = 4; lastKnownFileType = sourcecode.swift; path = HStackView.swift; sourceTree = "<group>"; };
		E0955E552B7AC54A006EBD44 /* ZStackView.swift */ = {isa = PBXFileReference; fileEncoding = 4; lastKnownFileType = sourcecode.swift; path = ZStackView.swift; sourceTree = "<group>"; };
		E0955E562B7AC54A006EBD44 /* VStackView.swift */ = {isa = PBXFileReference; fileEncoding = 4; lastKnownFileType = sourcecode.swift; path = VStackView.swift; sourceTree = "<group>"; };
		E0955E5B2B7ACC44006EBD44 /* LabelViewCell.swift */ = {isa = PBXFileReference; lastKnownFileType = sourcecode.swift; path = LabelViewCell.swift; sourceTree = "<group>"; };
		E0C6CC892B71717300E47259 /* WeatherService.swift */ = {isa = PBXFileReference; lastKnownFileType = sourcecode.swift; path = WeatherService.swift; sourceTree = "<group>"; };
		F064FAF57BA02D69168CD1B7 /* Pods_weather_ios.framework */ = {isa = PBXFileReference; explicitFileType = wrapper.framework; includeInIndex = 0; path = Pods_weather_ios.framework; sourceTree = BUILT_PRODUCTS_DIR; };
		F22EFF3A77620BF728CC6CB5 /* Pods-weather-ios.release.xcconfig */ = {isa = PBXFileReference; includeInIndex = 1; lastKnownFileType = text.xcconfig; name = "Pods-weather-ios.release.xcconfig"; path = "Target Support Files/Pods-weather-ios/Pods-weather-ios.release.xcconfig"; sourceTree = "<group>"; };
/* End PBXFileReference section */

/* Begin PBXFrameworksBuildPhase section */
		E0360CAB2B70BB0E004C40F4 /* Frameworks */ = {
			isa = PBXFrameworksBuildPhase;
			buildActionMask = 2147483647;
			files = (
				91994F847D33D045E16F8C9F /* Pods_weather_ios.framework in Frameworks */,
			);
			runOnlyForDeploymentPostprocessing = 0;
		};
/* End PBXFrameworksBuildPhase section */

/* Begin PBXGroup section */
		30F9DB1C18A97750BE8D6ABB /* Frameworks */ = {
			isa = PBXGroup;
			children = (
				F064FAF57BA02D69168CD1B7 /* Pods_weather_ios.framework */,
			);
			name = Frameworks;
			sourceTree = "<group>";
		};
		3652034B086BE71D7C8B0DA5 /* Pods */ = {
			isa = PBXGroup;
			children = (
				408DA3AAD9260C3E4752A2C8 /* Pods-weather-ios.debug.xcconfig */,
				F22EFF3A77620BF728CC6CB5 /* Pods-weather-ios.release.xcconfig */,
			);
			path = Pods;
			sourceTree = "<group>";
		};
		468B86B62B70C22F001836C1 /* RegionWeatherView */ = {
			isa = PBXGroup;
			children = (
				4630FDB22B70E2140015CF43 /* RegionWeatherViewController.swift */,
				46B172B22B74772E00C9DB0D /* WeatherCell.swift */,
				463B7CA22B76180A0087283D /* ViewController+Extension.swift */,
			);
			path = RegionWeatherView;
			sourceTree = "<group>";
		};
		C418E9B82B70BE3200A0C2B3 /* MapWeatherChecking */ = {
			isa = PBXGroup;
			children = (
				C411AD902B71108A00E88089 /* MapViewController.swift */,
			);
			path = MapWeatherChecking;
			sourceTree = "<group>";
		};
		C418E9B92B70BE4900A0C2B3 /* SavedLocationsWeather */ = {
			isa = PBXGroup;
			children = (
				C418E9BA2B70BFFA00A0C2B3 /* example.swift */,
			);
			path = SavedLocationsWeather;
			sourceTree = "<group>";
		};
		E0360CA52B70BB0E004C40F4 = {
			isa = PBXGroup;
			children = (
				E0360CB02B70BB0E004C40F4 /* weather-ios */,
				E0360CAF2B70BB0E004C40F4 /* Products */,
				3652034B086BE71D7C8B0DA5 /* Pods */,
				30F9DB1C18A97750BE8D6ABB /* Frameworks */,
			);
			sourceTree = "<group>";
		};
		E0360CAF2B70BB0E004C40F4 /* Products */ = {
			isa = PBXGroup;
			children = (
				E0360CAE2B70BB0E004C40F4 /* weather-ios.app */,
			);
			name = Products;
			sourceTree = "<group>";
		};
		E0360CB02B70BB0E004C40F4 /* weather-ios */ = {
			isa = PBXGroup;
			children = (
				E0360CB12B70BB0E004C40F4 /* AppDelegate.swift */,
				E0360CB32B70BB0E004C40F4 /* SceneDelegate.swift */,
				E00FCB882B7BFF7B00E93F7E /* Secrets.swift */,
				E00063EF2B7D4202007C5FCA /* UserSettings.swift */,
				E0955E5A2B7ACBA0006EBD44 /* Main */,
				E0360CC62B70BB5E004C40F4 /* Models */,
				468B86B62B70C22F001836C1 /* RegionWeatherView */,
				C418E9B92B70BE4900A0C2B3 /* SavedLocationsWeather */,
				C418E9B82B70BE3200A0C2B3 /* MapWeatherChecking */,
				E0360CBA2B70BB0F004C40F4 /* Assets.xcassets */,
				E0360CBC2B70BB0F004C40F4 /* LaunchScreen.storyboard */,
				E0360CBF2B70BB0F004C40F4 /* Info.plist */,
			);
			path = "weather-ios";
			sourceTree = "<group>";
		};
		E0360CC62B70BB5E004C40F4 /* Models */ = {
			isa = PBXGroup;
			children = (
				E0C6CC892B71717300E47259 /* WeatherService.swift */,
				E0360CC72B70BB5E004C40F4 /* CrntWeatherData.swift */,
				E02BB7862B72D1D10094069E /* Coordinate.swift */,
			);
			path = Models;
			sourceTree = "<group>";
		};
		E0955E532B7AC54A006EBD44 /* Helpers */ = {
			isa = PBXGroup;
			children = (
				E0955E542B7AC54A006EBD44 /* HStackView.swift */,
				E0955E552B7AC54A006EBD44 /* ZStackView.swift */,
				E0955E562B7AC54A006EBD44 /* VStackView.swift */,
			);
			path = Helpers;
			sourceTree = "<group>";
		};
		E0955E5A2B7ACBA0006EBD44 /* Main */ = {
			isa = PBXGroup;
			children = (
				E0360CB52B70BB0E004C40F4 /* MainViewController.swift */,
				E0955E5F2B7AD7C0006EBD44 /* Views */,
			);
			path = Main;
			sourceTree = "<group>";
		};
		E0955E5F2B7AD7C0006EBD44 /* Views */ = {
			isa = PBXGroup;
			children = (
				E0955E532B7AC54A006EBD44 /* Helpers */,
				E0955E512B7AC145006EBD44 /* TopWeatherViewCell.swift */,
				E0955E5B2B7ACC44006EBD44 /* LabelViewCell.swift */,
			);
			path = Views;
			sourceTree = "<group>";
		};
/* End PBXGroup section */

/* Begin PBXNativeTarget section */
		E0360CAD2B70BB0E004C40F4 /* weather-ios */ = {
			isa = PBXNativeTarget;
			buildConfigurationList = E0360CC22B70BB0F004C40F4 /* Build configuration list for PBXNativeTarget "weather-ios" */;
			buildPhases = (
				EAD911F8CD0D5F7BDB80C41A /* [CP] Check Pods Manifest.lock */,
				E0360CAA2B70BB0E004C40F4 /* Sources */,
				E0360CAB2B70BB0E004C40F4 /* Frameworks */,
				E0360CAC2B70BB0E004C40F4 /* Resources */,
				0869CBB799FFE5E342209231 /* [CP] Embed Pods Frameworks */,
			);
			buildRules = (
			);
			dependencies = (
			);
			name = "weather-ios";
			packageProductDependencies = (
			);
			productName = "weather-ios";
			productReference = E0360CAE2B70BB0E004C40F4 /* weather-ios.app */;
			productType = "com.apple.product-type.application";
		};
/* End PBXNativeTarget section */

/* Begin PBXProject section */
		E0360CA62B70BB0E004C40F4 /* Project object */ = {
			isa = PBXProject;
			attributes = {
				BuildIndependentTargetsInParallel = 1;
				LastSwiftUpdateCheck = 1520;
				LastUpgradeCheck = 1520;
				TargetAttributes = {
					E0360CAD2B70BB0E004C40F4 = {
						CreatedOnToolsVersion = 15.2;
					};
				};
			};
			buildConfigurationList = E0360CA92B70BB0E004C40F4 /* Build configuration list for PBXProject "weather-ios" */;
			compatibilityVersion = "Xcode 14.0";
			developmentRegion = en;
			hasScannedForEncodings = 0;
			knownRegions = (
				en,
				Base,
			);
			mainGroup = E0360CA52B70BB0E004C40F4;
			packageReferences = (
			);
			productRefGroup = E0360CAF2B70BB0E004C40F4 /* Products */;
			projectDirPath = "";
			projectRoot = "";
			targets = (
				E0360CAD2B70BB0E004C40F4 /* weather-ios */,
			);
		};
/* End PBXProject section */

/* Begin PBXResourcesBuildPhase section */
		E0360CAC2B70BB0E004C40F4 /* Resources */ = {
			isa = PBXResourcesBuildPhase;
			buildActionMask = 2147483647;
			files = (
				E0360CBE2B70BB0F004C40F4 /* LaunchScreen.storyboard in Resources */,
				E0360CBB2B70BB0F004C40F4 /* Assets.xcassets in Resources */,
			);
			runOnlyForDeploymentPostprocessing = 0;
		};
/* End PBXResourcesBuildPhase section */

/* Begin PBXShellScriptBuildPhase section */
		0869CBB799FFE5E342209231 /* [CP] Embed Pods Frameworks */ = {
			isa = PBXShellScriptBuildPhase;
			buildActionMask = 2147483647;
			files = (
			);
			inputFileListPaths = (
				"${PODS_ROOT}/Target Support Files/Pods-weather-ios/Pods-weather-ios-frameworks-${CONFIGURATION}-input-files.xcfilelist",
			);
			name = "[CP] Embed Pods Frameworks";
			outputFileListPaths = (
				"${PODS_ROOT}/Target Support Files/Pods-weather-ios/Pods-weather-ios-frameworks-${CONFIGURATION}-output-files.xcfilelist",
			);
			runOnlyForDeploymentPostprocessing = 0;
			shellPath = /bin/sh;
			shellScript = "\"${PODS_ROOT}/Target Support Files/Pods-weather-ios/Pods-weather-ios-frameworks.sh\"\n";
			showEnvVarsInLog = 0;
		};
		EAD911F8CD0D5F7BDB80C41A /* [CP] Check Pods Manifest.lock */ = {
			isa = PBXShellScriptBuildPhase;
			buildActionMask = 2147483647;
			files = (
			);
			inputFileListPaths = (
			);
			inputPaths = (
				"${PODS_PODFILE_DIR_PATH}/Podfile.lock",
				"${PODS_ROOT}/Manifest.lock",
			);
			name = "[CP] Check Pods Manifest.lock";
			outputFileListPaths = (
			);
			outputPaths = (
				"$(DERIVED_FILE_DIR)/Pods-weather-ios-checkManifestLockResult.txt",
			);
			runOnlyForDeploymentPostprocessing = 0;
			shellPath = /bin/sh;
			shellScript = "diff \"${PODS_PODFILE_DIR_PATH}/Podfile.lock\" \"${PODS_ROOT}/Manifest.lock\" > /dev/null\nif [ $? != 0 ] ; then\n    # print error to STDERR\n    echo \"error: The sandbox is not in sync with the Podfile.lock. Run 'pod install' or update your CocoaPods installation.\" >&2\n    exit 1\nfi\n# This output is used by Xcode 'outputs' to avoid re-running this script phase.\necho \"SUCCESS\" > \"${SCRIPT_OUTPUT_FILE_0}\"\n";
			showEnvVarsInLog = 0;
		};
/* End PBXShellScriptBuildPhase section */

/* Begin PBXSourcesBuildPhase section */
		E0360CAA2B70BB0E004C40F4 /* Sources */ = {
			isa = PBXSourcesBuildPhase;
			buildActionMask = 2147483647;
			files = (
				46C4FABD2B7CA84F009C5F63 /* Seracts.swift in Sources */,
				4630FDB32B70E2140015CF43 /* RegionWeatherViewController.swift in Sources */,
				C418E9BB2B70BFFA00A0C2B3 /* example.swift in Sources */,
				E0955E592B7AC54A006EBD44 /* VStackView.swift in Sources */,
				E0360CB62B70BB0E004C40F4 /* MainViewController.swift in Sources */,
				E00FCB892B7BFF7B00E93F7E /* Secrets.swift in Sources */,
				E0955E5C2B7ACC44006EBD44 /* LabelViewCell.swift in Sources */,
				E0360CB22B70BB0E004C40F4 /* AppDelegate.swift in Sources */,
				46B172B32B74772E00C9DB0D /* WeatherCell.swift in Sources */,
				E0360CC82B70BB5E004C40F4 /* CrntWeatherData.swift in Sources */,
				E0C6CC8A2B71717300E47259 /* WeatherService.swift in Sources */,
				463B7CA32B76180A0087283D /* ViewController+Extension.swift in Sources */,
				E0360CB42B70BB0E004C40F4 /* SceneDelegate.swift in Sources */,
				E00063F02B7D4202007C5FCA /* UserSettings.swift in Sources */,
				C411AD912B71108A00E88089 /* MapViewController.swift in Sources */,
				E0955E522B7AC145006EBD44 /* TopWeatherViewCell.swift in Sources */,
				E02BB7872B72D1D10094069E /* Coordinate.swift in Sources */,
				E0955E572B7AC54A006EBD44 /* HStackView.swift in Sources */,
			);
			runOnlyForDeploymentPostprocessing = 0;
		};
/* End PBXSourcesBuildPhase section */

/* Begin PBXVariantGroup section */
		E0360CBC2B70BB0F004C40F4 /* LaunchScreen.storyboard */ = {
			isa = PBXVariantGroup;
			children = (
				E0360CBD2B70BB0F004C40F4 /* Base */,
			);
			name = LaunchScreen.storyboard;
			sourceTree = "<group>";
		};
/* End PBXVariantGroup section */

/* Begin XCBuildConfiguration section */
		E0360CC02B70BB0F004C40F4 /* Debug */ = {
			isa = XCBuildConfiguration;
			buildSettings = {
				ALWAYS_SEARCH_USER_PATHS = NO;
				ASSETCATALOG_COMPILER_GENERATE_SWIFT_ASSET_SYMBOL_EXTENSIONS = YES;
				CLANG_ANALYZER_NONNULL = YES;
				CLANG_ANALYZER_NUMBER_OBJECT_CONVERSION = YES_AGGRESSIVE;
				CLANG_CXX_LANGUAGE_STANDARD = "gnu++20";
				CLANG_ENABLE_MODULES = YES;
				CLANG_ENABLE_OBJC_ARC = YES;
				CLANG_ENABLE_OBJC_WEAK = YES;
				CLANG_WARN_BLOCK_CAPTURE_AUTORELEASING = YES;
				CLANG_WARN_BOOL_CONVERSION = YES;
				CLANG_WARN_COMMA = YES;
				CLANG_WARN_CONSTANT_CONVERSION = YES;
				CLANG_WARN_DEPRECATED_OBJC_IMPLEMENTATIONS = YES;
				CLANG_WARN_DIRECT_OBJC_ISA_USAGE = YES_ERROR;
				CLANG_WARN_DOCUMENTATION_COMMENTS = YES;
				CLANG_WARN_EMPTY_BODY = YES;
				CLANG_WARN_ENUM_CONVERSION = YES;
				CLANG_WARN_INFINITE_RECURSION = YES;
				CLANG_WARN_INT_CONVERSION = YES;
				CLANG_WARN_NON_LITERAL_NULL_CONVERSION = YES;
				CLANG_WARN_OBJC_IMPLICIT_RETAIN_SELF = YES;
				CLANG_WARN_OBJC_LITERAL_CONVERSION = YES;
				CLANG_WARN_OBJC_ROOT_CLASS = YES_ERROR;
				CLANG_WARN_QUOTED_INCLUDE_IN_FRAMEWORK_HEADER = YES;
				CLANG_WARN_RANGE_LOOP_ANALYSIS = YES;
				CLANG_WARN_STRICT_PROTOTYPES = YES;
				CLANG_WARN_SUSPICIOUS_MOVE = YES;
				CLANG_WARN_UNGUARDED_AVAILABILITY = YES_AGGRESSIVE;
				CLANG_WARN_UNREACHABLE_CODE = YES;
				CLANG_WARN__DUPLICATE_METHOD_MATCH = YES;
				COPY_PHASE_STRIP = NO;
				DEBUG_INFORMATION_FORMAT = dwarf;
				ENABLE_STRICT_OBJC_MSGSEND = YES;
				ENABLE_TESTABILITY = YES;
				ENABLE_USER_SCRIPT_SANDBOXING = YES;
				GCC_C_LANGUAGE_STANDARD = gnu17;
				GCC_DYNAMIC_NO_PIC = NO;
				GCC_NO_COMMON_BLOCKS = YES;
				GCC_OPTIMIZATION_LEVEL = 0;
				GCC_PREPROCESSOR_DEFINITIONS = (
					"DEBUG=1",
					"$(inherited)",
				);
				GCC_WARN_64_TO_32_BIT_CONVERSION = YES;
				GCC_WARN_ABOUT_RETURN_TYPE = YES_ERROR;
				GCC_WARN_UNDECLARED_SELECTOR = YES;
				GCC_WARN_UNINITIALIZED_AUTOS = YES_AGGRESSIVE;
				GCC_WARN_UNUSED_FUNCTION = YES;
				GCC_WARN_UNUSED_VARIABLE = YES;
				IPHONEOS_DEPLOYMENT_TARGET = 15.0;
				LOCALIZATION_PREFERS_STRING_CATALOGS = YES;
				MTL_ENABLE_DEBUG_INFO = INCLUDE_SOURCE;
				MTL_FAST_MATH = YES;
				ONLY_ACTIVE_ARCH = YES;
				SDKROOT = iphoneos;
				SWIFT_ACTIVE_COMPILATION_CONDITIONS = "DEBUG $(inherited)";
				SWIFT_OPTIMIZATION_LEVEL = "-Onone";
			};
			name = Debug;
		};
		E0360CC12B70BB0F004C40F4 /* Release */ = {
			isa = XCBuildConfiguration;
			buildSettings = {
				ALWAYS_SEARCH_USER_PATHS = NO;
				ASSETCATALOG_COMPILER_GENERATE_SWIFT_ASSET_SYMBOL_EXTENSIONS = YES;
				CLANG_ANALYZER_NONNULL = YES;
				CLANG_ANALYZER_NUMBER_OBJECT_CONVERSION = YES_AGGRESSIVE;
				CLANG_CXX_LANGUAGE_STANDARD = "gnu++20";
				CLANG_ENABLE_MODULES = YES;
				CLANG_ENABLE_OBJC_ARC = YES;
				CLANG_ENABLE_OBJC_WEAK = YES;
				CLANG_WARN_BLOCK_CAPTURE_AUTORELEASING = YES;
				CLANG_WARN_BOOL_CONVERSION = YES;
				CLANG_WARN_COMMA = YES;
				CLANG_WARN_CONSTANT_CONVERSION = YES;
				CLANG_WARN_DEPRECATED_OBJC_IMPLEMENTATIONS = YES;
				CLANG_WARN_DIRECT_OBJC_ISA_USAGE = YES_ERROR;
				CLANG_WARN_DOCUMENTATION_COMMENTS = YES;
				CLANG_WARN_EMPTY_BODY = YES;
				CLANG_WARN_ENUM_CONVERSION = YES;
				CLANG_WARN_INFINITE_RECURSION = YES;
				CLANG_WARN_INT_CONVERSION = YES;
				CLANG_WARN_NON_LITERAL_NULL_CONVERSION = YES;
				CLANG_WARN_OBJC_IMPLICIT_RETAIN_SELF = YES;
				CLANG_WARN_OBJC_LITERAL_CONVERSION = YES;
				CLANG_WARN_OBJC_ROOT_CLASS = YES_ERROR;
				CLANG_WARN_QUOTED_INCLUDE_IN_FRAMEWORK_HEADER = YES;
				CLANG_WARN_RANGE_LOOP_ANALYSIS = YES;
				CLANG_WARN_STRICT_PROTOTYPES = YES;
				CLANG_WARN_SUSPICIOUS_MOVE = YES;
				CLANG_WARN_UNGUARDED_AVAILABILITY = YES_AGGRESSIVE;
				CLANG_WARN_UNREACHABLE_CODE = YES;
				CLANG_WARN__DUPLICATE_METHOD_MATCH = YES;
				COPY_PHASE_STRIP = NO;
				DEBUG_INFORMATION_FORMAT = "dwarf-with-dsym";
				ENABLE_NS_ASSERTIONS = NO;
				ENABLE_STRICT_OBJC_MSGSEND = YES;
				ENABLE_USER_SCRIPT_SANDBOXING = YES;
				GCC_C_LANGUAGE_STANDARD = gnu17;
				GCC_NO_COMMON_BLOCKS = YES;
				GCC_WARN_64_TO_32_BIT_CONVERSION = YES;
				GCC_WARN_ABOUT_RETURN_TYPE = YES_ERROR;
				GCC_WARN_UNDECLARED_SELECTOR = YES;
				GCC_WARN_UNINITIALIZED_AUTOS = YES_AGGRESSIVE;
				GCC_WARN_UNUSED_FUNCTION = YES;
				GCC_WARN_UNUSED_VARIABLE = YES;
				IPHONEOS_DEPLOYMENT_TARGET = 15.0;
				LOCALIZATION_PREFERS_STRING_CATALOGS = YES;
				MTL_ENABLE_DEBUG_INFO = NO;
				MTL_FAST_MATH = YES;
				SDKROOT = iphoneos;
				SWIFT_COMPILATION_MODE = wholemodule;
				VALIDATE_PRODUCT = YES;
			};
			name = Release;
		};
		E0360CC32B70BB0F004C40F4 /* Debug */ = {
			isa = XCBuildConfiguration;
			baseConfigurationReference = 408DA3AAD9260C3E4752A2C8 /* Pods-weather-ios.debug.xcconfig */;
			buildSettings = {
				ASSETCATALOG_COMPILER_APPICON_NAME = AppIcon;
				ASSETCATALOG_COMPILER_GLOBAL_ACCENT_COLOR_NAME = AccentColor;
				CODE_SIGN_STYLE = Automatic;
				CURRENT_PROJECT_VERSION = 1;
				DEVELOPMENT_TEAM = 23N5J9ACJ7;
				ENABLE_USER_SCRIPT_SANDBOXING = NO;
				GENERATE_INFOPLIST_FILE = YES;
				INFOPLIST_FILE = "weather-ios/Info.plist";
				INFOPLIST_KEY_UIApplicationSupportsIndirectInputEvents = YES;
				INFOPLIST_KEY_UILaunchStoryboardName = LaunchScreen;
				INFOPLIST_KEY_UISupportedInterfaceOrientations_iPad = "UIInterfaceOrientationPortrait UIInterfaceOrientationPortraitUpsideDown UIInterfaceOrientationLandscapeLeft UIInterfaceOrientationLandscapeRight";
				INFOPLIST_KEY_UISupportedInterfaceOrientations_iPhone = "UIInterfaceOrientationPortrait UIInterfaceOrientationLandscapeLeft UIInterfaceOrientationLandscapeRight";
				LD_RUNPATH_SEARCH_PATHS = (
					"$(inherited)",
					"@executable_path/Frameworks",
				);
				MARKETING_VERSION = 1.0;
				PRODUCT_BUNDLE_IDENTIFIER = "deferare.weather-ios";
				PRODUCT_NAME = "$(TARGET_NAME)";
				SWIFT_EMIT_LOC_STRINGS = YES;
				SWIFT_VERSION = 5.0;
				TARGETED_DEVICE_FAMILY = "1,2";
			};
			name = Debug;
		};
		E0360CC42B70BB0F004C40F4 /* Release */ = {
			isa = XCBuildConfiguration;
			baseConfigurationReference = F22EFF3A77620BF728CC6CB5 /* Pods-weather-ios.release.xcconfig */;
			buildSettings = {
				ASSETCATALOG_COMPILER_APPICON_NAME = AppIcon;
				ASSETCATALOG_COMPILER_GLOBAL_ACCENT_COLOR_NAME = AccentColor;
				CODE_SIGN_STYLE = Automatic;
				CURRENT_PROJECT_VERSION = 1;
				DEVELOPMENT_TEAM = 23N5J9ACJ7;
				ENABLE_USER_SCRIPT_SANDBOXING = NO;
				GENERATE_INFOPLIST_FILE = YES;
				INFOPLIST_FILE = "weather-ios/Info.plist";
				INFOPLIST_KEY_UIApplicationSupportsIndirectInputEvents = YES;
				INFOPLIST_KEY_UILaunchStoryboardName = LaunchScreen;
				INFOPLIST_KEY_UISupportedInterfaceOrientations_iPad = "UIInterfaceOrientationPortrait UIInterfaceOrientationPortraitUpsideDown UIInterfaceOrientationLandscapeLeft UIInterfaceOrientationLandscapeRight";
				INFOPLIST_KEY_UISupportedInterfaceOrientations_iPhone = "UIInterfaceOrientationPortrait UIInterfaceOrientationLandscapeLeft UIInterfaceOrientationLandscapeRight";
				LD_RUNPATH_SEARCH_PATHS = (
					"$(inherited)",
					"@executable_path/Frameworks",
				);
				MARKETING_VERSION = 1.0;
				PRODUCT_BUNDLE_IDENTIFIER = "deferare.weather-ios";
				PRODUCT_NAME = "$(TARGET_NAME)";
				SWIFT_EMIT_LOC_STRINGS = YES;
				SWIFT_VERSION = 5.0;
				TARGETED_DEVICE_FAMILY = "1,2";
			};
			name = Release;
		};
/* End XCBuildConfiguration section */

/* Begin XCConfigurationList section */
		E0360CA92B70BB0E004C40F4 /* Build configuration list for PBXProject "weather-ios" */ = {
			isa = XCConfigurationList;
			buildConfigurations = (
				E0360CC02B70BB0F004C40F4 /* Debug */,
				E0360CC12B70BB0F004C40F4 /* Release */,
			);
			defaultConfigurationIsVisible = 0;
			defaultConfigurationName = Release;
		};
		E0360CC22B70BB0F004C40F4 /* Build configuration list for PBXNativeTarget "weather-ios" */ = {
			isa = XCConfigurationList;
			buildConfigurations = (
				E0360CC32B70BB0F004C40F4 /* Debug */,
				E0360CC42B70BB0F004C40F4 /* Release */,
			);
			defaultConfigurationIsVisible = 0;
			defaultConfigurationName = Release;
		};
/* End XCConfigurationList section */
	};
	rootObject = E0360CA62B70BB0E004C40F4 /* Project object */;
}
